<?xml version="1.0" encoding="utf-8"?>
<Project ToolsVersion="4.0" xmlns="http://schemas.microsoft.com/developer/msbuild/2003">
  <ItemGroup>
    <Filter Include="Source Files">
      <UniqueIdentifier>{4FC737F1-C7A5-4376-A066-2A32D752A2FF}</UniqueIdentifier>
      <Extensions>cpp;c;cc;cxx;c++;cppm;ixx;def;odl;idl;hpj;bat;asm;asmx</Extensions>
    </Filter>
    <Filter Include="Header Files">
      <UniqueIdentifier>{93995380-89BD-4b04-88EB-625FBE52EBFB}</UniqueIdentifier>
      <Extensions>h;hh;hpp;hxx;h++;hm;inl;inc;ipp;xsd</Extensions>
    </Filter>
    <Filter Include="Resource Files">
      <UniqueIdentifier>{67DA6AB6-F800-4c08-8B7A-83BB121AAD01}</UniqueIdentifier>
      <Extensions>rc;ico;cur;bmp;dlg;rc2;rct;bin;rgs;gif;jpg;jpeg;jpe;resx;tiff;tif;png;wav;mfcribbon-ms</Extensions>
    </Filter>
  </ItemGroup>
  <ItemGroup>
    <ClCompile Include="A.Marathon.cpp">
      <Filter>Source Files</Filter>
    </ClCompile>
    <ClCompile Include="Watermelon.cpp">
      <Filter>Source Files</Filter>
    </ClCompile>
    <ClCompile Include="Team.cpp">
      <Filter>Source Files</Filter>
    </ClCompile>
    <ClCompile Include="Next_Round.cpp">
      <Filter>Source Files</Filter>
    </ClCompile>
    <ClCompile Include="Word_Capitalization.cpp">
      <Filter>Source Files</Filter>
    </ClCompile>
    <ClCompile Include="Bear_and_Big_Brother.cpp">
      <Filter>Source Files</Filter>
    </ClCompile>
    <ClCompile Include="Wrong_Substraction.cpp">
      <Filter>Source Files</Filter>
    </ClCompile>
    <ClCompile Include="Nearly_Lucky_Number.cpp">
      <Filter>Source Files</Filter>
    </ClCompile>
    <ClCompile Include="In_Search_of_an_Easy_Problem.cpp">
      <Filter>Source Files</Filter>
    </ClCompile>
    <ClCompile Include="George_And_Accommodation.cpp">
      <Filter>Source Files</Filter>
    </ClCompile>
    <ClCompile Include="Calculating_Function.cpp">
      <Filter>Source Files</Filter>
    </ClCompile>
    <ClCompile Include="Drinks.cpp">
      <Filter>Source Files</Filter>
    </ClCompile>
    <ClCompile Include="Divisibility_Problem.cpp">
      <Filter>Source Files</Filter>
    </ClCompile>
    <ClCompile Include="Police_Recruits.cpp">
      <Filter>Source Files</Filter>
    </ClCompile>
    <ClCompile Include="Vasya_the_Hipster.cpp">
      <Filter>Source Files</Filter>
    </ClCompile>
    <ClCompile Include="Holiday_of_Equality.cpp">
      <Filter>Source Files</Filter>
    </ClCompile>
    <ClCompile Include="Sum.cpp">
      <Filter>Source Files</Filter>
    </ClCompile>
    <ClCompile Include="Mishka_and_Game.cpp">
      <Filter>Source Files</Filter>
    </ClCompile>
    <ClCompile Include="Lucky.cpp">
      <Filter>Source Files</Filter>
    </ClCompile>
    <ClCompile Include="Black_Square.cpp">
      <Filter>Source Files</Filter>
    </ClCompile>
    <ClCompile Include="Division.cpp">
      <Filter>Source Files</Filter>
    </ClCompile>
    <ClCompile Include="CodeForces_Checking.cpp">
      <Filter>Source Files</Filter>
    </ClCompile>
    <ClCompile Include="Brain%27s_Photo.cpp">
      <Filter>Source Files</Filter>
    </ClCompile>
    <ClCompile Include="Minutes_before_The_New_year.cpp">
      <Filter>Source Files</Filter>
    </ClCompile>
    <ClCompile Include="Floor_Number.cpp">
      <Filter>Source Files</Filter>
    </ClCompile>
    <ClCompile Include="Collecting_Coins.cpp">
      <Filter>Source Files</Filter>
    </ClCompile>
    <ClCompile Include="Plus_Or_Minus.cpp">
      <Filter>Source Files</Filter>
    </ClCompile>
    <ClCompile Include="A_Plus_B.cpp">
      <Filter>Source Files</Filter>
    </ClCompile>
    <ClCompile Include="Vus_the_Cossack_and_a_Contest.cpp">
      <Filter>Source Files</Filter>
    </ClCompile>
    <ClCompile Include="Blank_Space.cpp">
      <Filter>Source Files</Filter>
    </ClCompile>
    <ClCompile Include="Two_Rabbits.cpp">
      <Filter>Source Files</Filter>
    </ClCompile>
    <ClCompile Include="Nearest_Interesting_Number.cpp">
      <Filter>Source Files</Filter>
    </ClCompile>
    <ClCompile Include="Remove_Duplicates.cpp">
      <Filter>Source Files</Filter>
    </ClCompile>
    <ClCompile Include="Reorder.cpp">
      <Filter>Source Files</Filter>
    </ClCompile>
    <ClCompile Include="Equalize_Prices_Again.cpp">
      <Filter>Source Files</Filter>
    </ClCompile>
    <ClCompile Include="Patrick_And_Shopping.cpp">
      <Filter>Source Files</Filter>
    </ClCompile>
    <ClCompile Include="Unique_bid_action.cpp">
      <Filter>Source Files</Filter>
    </ClCompile>
    <ClCompile Include="Doors_And_Keys.cpp">
      <Filter>Source Files</Filter>
    </ClCompile>
    <ClCompile Include="Epic_Game.cpp">
      <Filter>Source Files</Filter>
    </ClCompile>
    <ClCompile Include="Greg%27s_Workout.cpp">
      <Filter>Source Files</Filter>
    </ClCompile>
    <ClCompile Include="Even_Odd_Increments.cpp">
      <Filter>Source Files</Filter>
    </ClCompile>
    <ClCompile Include="Adjacent_Replacements.cpp">
      <Filter>Source Files</Filter>
    </ClCompile>
    <ClCompile Include="Crazy_Computer.cpp">
      <Filter>Source Files</Filter>
    </ClCompile>
    <ClCompile Include="Non_Zero.cpp">
      <Filter>Source Files</Filter>
    </ClCompile>
    <ClCompile Include="Candies_And_Two_Sisters.cpp">
      <Filter>Source Files</Filter>
    </ClCompile>
    <ClCompile Include="Presents.cpp">
      <Filter>Source Files</Filter>
    </ClCompile>
    <ClCompile Include="Magnets.cpp">
      <Filter>Source Files</Filter>
    </ClCompile>
    <ClCompile Include="Ultra_Fast_mathematician.cpp">
      <Filter>Source Files</Filter>
    </ClCompile>
    <ClCompile Include="Soft_Drinking.cpp">
      <Filter>Source Files</Filter>
    </ClCompile>
    <ClCompile Include="Plus_one_on_the_Subset.cpp">
      <Filter>Source Files</Filter>
    </ClCompile>
    <ClCompile Include="Magical_Sticks.cpp">
      <Filter>Source Files</Filter>
    </ClCompile>
    <ClCompile Include="Mahmoud_and_Ehab_and_the_even_odd_game.cpp">
      <Filter>Source Files</Filter>
    </ClCompile>
    <ClCompile Include="Odd_Set.cpp">
      <Filter>Source Files</Filter>
    </ClCompile>
    <ClCompile Include="Colourblindness.cpp">
      <Filter>Source Files</Filter>
    </ClCompile>
    <ClCompile Include="Array_with_Odd_Sum.cpp">
      <Filter>Source Files</Filter>
    </ClCompile>
    <ClCompile Include="Stones_On_The_Table.cpp">
      <Filter>Source Files</Filter>
    </ClCompile>
    <ClCompile Include="Word.cpp">
      <Filter>Source Files</Filter>
    </ClCompile>
    <ClCompile Include="Anton_And_Danik.cpp">
      <Filter>Source Files</Filter>
    </ClCompile>
    <ClCompile Include="Vanya_And_Fence.cpp">
      <Filter>Source Files</Filter>
    </ClCompile>
    <ClCompile Include="Is_your_horseshoe_on_the_other_hoof.cpp">
      <Filter>Source Files</Filter>
    </ClCompile>
    <ClCompile Include="Sum_Of_Round_Numbers.cpp">
      <Filter>Source Files</Filter>
    </ClCompile>
    <ClCompile Include="Restoring_three_Numbers.cpp">
      <Filter>Source Files</Filter>
    </ClCompile>
    <ClCompile Include="Design_Tutorial_Learn_From_Math.cpp">
      <Filter>Source Files</Filter>
    </ClCompile>
    <ClCompile Include="Again_Twenty_Five.cpp">
      <Filter>Source Files</Filter>
    </ClCompile>
    <ClCompile Include="Required_Remainder.cpp">
      <Filter>Source Files</Filter>
    </ClCompile>
    <ClCompile Include="Medium_Number.cpp">
      <Filter>Source Files</Filter>
    </ClCompile>
    <ClCompile Include="Two_Elevators.cpp">
      <Filter>Source Files</Filter>
    </ClCompile>
    <ClCompile Include="Elections.cpp">
      <Filter>Source Files</Filter>
    </ClCompile>
    <ClCompile Include="Repeating_Cipher.cpp">
      <Filter>Source Files</Filter>
    </ClCompile>
    <ClCompile Include="Compote.cpp">
      <Filter>Source Files</Filter>
    </ClCompile>
    <ClCompile Include="Little_C_loves_3_I.cpp">
      <Filter>Source Files</Filter>
    </ClCompile>
    <ClCompile Include="The_Rank.cpp">
      <Filter>Source Files</Filter>
    </ClCompile>
    <ClCompile Include="Omkar_and_Infinity_Clock.cpp">
      <Filter>Source Files</Filter>
    </ClCompile>
    <ClCompile Include="Life_of_a_Flower.cpp">
      <Filter>Source Files</Filter>
    </ClCompile>
    <ClCompile Include="Rounding.cpp">
      <Filter>Source Files</Filter>
    </ClCompile>
    <ClCompile Include="Vasya_and_Chocolate.cpp">
      <Filter>Source Files</Filter>
    </ClCompile>
    <ClCompile Include="Roma_and_Lucky_Numbers.cpp">
      <Filter>Source Files</Filter>
    </ClCompile>
    <ClCompile Include="Lucky_Ticket.cpp">
      <Filter>Source Files</Filter>
    </ClCompile>
    <ClCompile Include="Tricky_Alchemy.cpp">
      <Filter>Source Files</Filter>
    </ClCompile>
    <ClCompile Include="King_Moves.cpp">
      <Filter>Source Files</Filter>
    </ClCompile>
    <ClCompile Include="A_pile_of_stones.cpp">
      <Filter>Source Files</Filter>
    </ClCompile>
    <ClCompile Include="Professor_GukiZ%27s_Robot.cpp">
      <Filter>Source Files</Filter>
    </ClCompile>
    <ClCompile Include="Johny_Likes_Numbers.cpp">
      <Filter>Source Files</Filter>
    </ClCompile>
    <ClCompile Include="Find_Square.cpp">
      <Filter>Source Files</Filter>
    </ClCompile>
    <ClCompile Include="Diagonal_Walking.cpp">
      <Filter>Source Files</Filter>
    </ClCompile>
    <ClCompile Include="Book_Reading.cpp">
      <Filter>Source Files</Filter>
    </ClCompile>
    <ClCompile Include="The_King%27s_Race.cpp">
      <Filter>Source Files</Filter>
    </ClCompile>
    <ClCompile Include="Good_Matrix_Elements.cpp">
      <Filter>Source Files</Filter>
    </ClCompile>
    <ClCompile Include="Forgotten_Episode.cpp">
      <Filter>Source Files</Filter>
    </ClCompile>
    <ClCompile Include="Second_Price_Auction.cpp">
      <Filter>Source Files</Filter>
    </ClCompile>
    <ClCompile Include="Even_Odds.cpp">
      <Filter>Source Files</Filter>
    </ClCompile>
    <ClCompile Include="Odd_Divisor.cpp">
      <Filter>Source Files</Filter>
    </ClCompile>
    <ClCompile Include="Lunch_Rush.cpp">
      <Filter>Source Files</Filter>
    </ClCompile>
    <ClCompile Include="Maximums.cpp">
      <Filter>Source Files</Filter>
    </ClCompile>
    <ClCompile Include="Prime_Subtraction.cpp">
      <Filter>Source Files</Filter>
    </ClCompile>
    <ClCompile Include="Tricky_Sum.cpp">
      <Filter>Source Files</Filter>
    </ClCompile>
    <ClCompile Include="Contest.cpp">
      <Filter>Source Files</Filter>
    </ClCompile>
    <ClCompile Include="Maximal_Continuous_Rest.cpp">
      <Filter>Source Files</Filter>
    </ClCompile>
    <ClCompile Include="Word_on_the_Paper.cpp">
      <Filter>Source Files</Filter>
    </ClCompile>
    <ClCompile Include="From_Hero_to_Zero.cpp">
      <Filter>Source Files</Filter>
    </ClCompile>
    <ClCompile Include="To_My_Critics.cpp">
      <Filter>Source Files</Filter>
    </ClCompile>
    <ClCompile Include="Ten_Words_of_Wisdom.cpp">
      <Filter>Source Files</Filter>
    </ClCompile>
    <ClCompile Include="XORinacci.cpp">
      <Filter>Source Files</Filter>
    </ClCompile>
    <ClCompile Include="Beautiful_Matrix.cpp">
      <Filter>Source Files</Filter>
    </ClCompile>
    <ClCompile Include="Petya and Strings.cpp">
      <Filter>Source Files</Filter>
    </ClCompile>
    <ClCompile Include="Tram.cpp">
      <Filter>Source Files</Filter>
    </ClCompile>
    <ClCompile Include="Pangram.cpp">
      <Filter>Source Files</Filter>
    </ClCompile>
    <ClCompile Include="Square_String.cpp">
      <Filter>Source Files</Filter>
    </ClCompile>
    <ClCompile Include="Bit++.cpp">
      <Filter>Source Files</Filter>
    </ClCompile>
    <ClCompile Include="Vanya_and_Cubes.cpp">
      <Filter>Source Files</Filter>
    </ClCompile>
    <ClCompile Include="Combination_Lock.cpp">
      <Filter>Source Files</Filter>
    </ClCompile>
    <ClCompile Include="Triple.cpp">
      <Filter>Source Files</Filter>
    </ClCompile>
    <ClCompile Include="Polycarp_and_the_Day_of_Pi.cpp">
      <Filter>Source Files</Filter>
    </ClCompile>
    <ClCompile Include="Deletions_of_Two_Adjacent_Letters.cpp">
      <Filter>Source Files</Filter>
    </ClCompile>
    <ClCompile Include="Squares_and_Cubes.cpp">
      <Filter>Source Files</Filter>
    </ClCompile>
    <ClCompile Include="Erasing_Zeroes.cpp">
      <Filter>Source Files</Filter>
    </ClCompile>
    <ClCompile Include="Polycarp%27s_Pockets.cpp">
      <Filter>Source Files</Filter>
    </ClCompile>
    <ClCompile Include="Perfectly_Imperfect_Array.cpp">
      <Filter>Source Files</Filter>
    </ClCompile>
    <ClCompile Include="Way_Too_Long_Words.cpp">
      <Filter>Source Files</Filter>
    </ClCompile>
    <ClCompile Include="Boy_or_Girl.cpp">
      <Filter>Source Files</Filter>
    </ClCompile>
    <ClCompile Include="Soldier_and_Bananas.cpp">
      <Filter>Source Files</Filter>
    </ClCompile>
    <ClCompile Include="Beautiful_Year.cpp">
      <Filter>Source Files</Filter>
    </ClCompile>
    <ClCompile Include="Panoramix%27s_Prediction.cpp">
      <Filter>Source Files</Filter>
    </ClCompile>
    <ClCompile Include="Fair_Playoff.cpp">
      <Filter>Source Files</Filter>
    </ClCompile>
    <ClCompile Include="Distinct_Digits.cpp">
      <Filter>Source Files</Filter>
    </ClCompile>
    <ClCompile Include="Vladik_and_Courtesy.cpp">
      <Filter>Source Files</Filter>
    </ClCompile>
    <ClCompile Include="Football.cpp">
      <Filter>Source Files</Filter>
    </ClCompile>
    <ClCompile Include="Password_Check.cpp">
      <Filter>Source Files</Filter>
    </ClCompile>
    <ClCompile Include="Fake_News.cpp">
      <Filter>Source Files</Filter>
    </ClCompile>
    <ClCompile Include="Mishka_and_Contest.cpp">
      <Filter>Source Files</Filter>
    </ClCompile>
    <ClCompile Include="Second_Order_Statistics.cpp">
      <Filter>Source Files</Filter>
    </ClCompile>
    <ClCompile Include="Even_Substrings.cpp">
      <Filter>Source Files</Filter>
    </ClCompile>
    <ClCompile Include="Infinity_Gauntlet.cpp">
      <Filter>Source Files</Filter>
    </ClCompile>
    <ClCompile Include="Little_Pony_and_Crystal_Mine.cpp">
      <Filter>Source Files</Filter>
    </ClCompile>
    <ClCompile Include="Local_Extrema.cpp">
      <Filter>Source Files</Filter>
    </ClCompile>
    <ClCompile Include="Text_Volume.cpp">
      <Filter>Source Files</Filter>
    </ClCompile>
    <ClCompile Include="Almost_Prime.cpp">
      <Filter>Source Files</Filter>
    </ClCompile>
    <ClCompile Include="Perfect_Squares.cpp">
      <Filter>Source Files</Filter>
    </ClCompile>
    <ClCompile Include="The_Time.cpp">
      <Filter>Source Files</Filter>
    </ClCompile>
    <ClCompile Include="123_Sequence.cpp">
      <Filter>Source Files</Filter>
    </ClCompile>
    <ClCompile Include="String_task.cpp">
      <Filter>Source Files</Filter>
    </ClCompile>
    <ClCompile Include="Lucky_Division.cpp">
      <Filter>Source Files</Filter>
    </ClCompile>
    <ClCompile Include="Game_23.cpp">
      <Filter>Source Files</Filter>
    </ClCompile>
    <ClCompile Include="Petr_and_Book.cpp">
      <Filter>Source Files</Filter>
    </ClCompile>
    <ClCompile Include="Life_Without_Zeros.cpp">
      <Filter>Source Files</Filter>
    </ClCompile>
    <ClCompile Include="Weird_Algorithm.cpp">
      <Filter>Source Files</Filter>
    </ClCompile>
    <ClCompile Include="Missing_Number.cpp">
      <Filter>Source Files</Filter>
    </ClCompile>
    <ClCompile Include="Repetitions.cpp">
      <Filter>Source Files</Filter>
    </ClCompile>
    <ClCompile Include="Increasing_Array.cpp">
      <Filter>Source Files</Filter>
    </ClCompile>
    <ClCompile Include="Permutations.cpp">
      <Filter>Source Files</Filter>
    </ClCompile>
    <ClCompile Include="Distinct_Numbers.cpp">
      <Filter>Source Files</Filter>
    </ClCompile>
    <ClCompile Include="Trailing_Zeros.cpp">
      <Filter>Source Files</Filter>
    </ClCompile>
    <ClCompile Include="Choose_Two_Numbers.cpp">
      <Filter>Source Files</Filter>
    </ClCompile>
    <ClCompile Include="Short_Sort.cpp">
      <Filter>Source Files</Filter>
    </ClCompile>
    <ClCompile Include="Spy_Detected.cpp">
      <Filter>Source Files</Filter>
    </ClCompile>
    <ClCompile Include="Eevee.cpp">
      <Filter>Source Files</Filter>
    </ClCompile>
    <ClCompile Include="Ksusha_and_Array.cpp">
      <Filter>Source Files</Filter>
    </ClCompile>
    <ClCompile Include="The_Pleasant_Walk.cpp">
      <Filter>Source Files</Filter>
    </ClCompile>
    <ClCompile Include="Digits_Sequence_Easy Edition.cpp">
      <Filter>Source Files</Filter>
    </ClCompile>
    <ClCompile Include="Yet_Another_Palindrome_Problem.cpp">
      <Filter>Source Files</Filter>
    </ClCompile>
    <ClCompile Include="Perfect_Number.cpp">
      <Filter>Source Files</Filter>
    </ClCompile>
    <ClCompile Include="Good_Number.cpp">
      <Filter>Source Files</Filter>
    </ClCompile>
    <ClCompile Include="Alex_and_broken_contest.cpp">
      <Filter>Source Files</Filter>
    </ClCompile>
    <ClCompile Include="Phone_numbers.cpp">
      <Filter>Source Files</Filter>
    </ClCompile>
    <ClCompile Include="Lucky_sum.cpp">
      <Filter>Source Files</Filter>
    </ClCompile>
    <ClCompile Include="Mike_And_Fax_CF.cpp">
      <Filter>Source Files</Filter>
    </ClCompile>
    <ClCompile Include="Fixed_Points.cpp">
      <Filter>Source Files</Filter>
    </ClCompile>
    <ClCompile Include="Vanya_and_Books.cpp">
      <Filter>Source Files</Filter>
    </ClCompile>
    <ClCompile Include="Divisor_Subtraction.cpp">
      <Filter>Source Files</Filter>
    </ClCompile>
    <ClCompile Include="YES_or_YES.cpp">
      <Filter>Source Files</Filter>
    </ClCompile>
    <ClCompile Include="Ordinary_Numbers.cpp">
      <Filter>Source Files</Filter>
    </ClCompile>
  </ItemGroup>
</Project>